github.com/Hacking-and-Coffee/hackingandcoffee-content v0.0.0-20241105000950-29fe72dd7629 h1:LXUtXcINP4F05spHbiLYKBuadVnLdosWu5n8H7RaAGI=
github.com/Hacking-and-Coffee/hackingandcoffee-content v0.0.0-20241105000950-29fe72dd7629/go.mod h1:i1ab22kRYDvqsPDMhLkKfgMa23lObrQ/UKMVAN+TQEI=
github.com/Hacking-and-Coffee/hackingandcoffee-content v0.0.0-20241105002633-f0449f4b3304 h1:oAV4WByL8UXZ3n/IIYZ2Zv7rIdRu/8XUTG8NytHB5vg=
github.com/Hacking-and-Coffee/hackingandcoffee-content v0.0.0-20241105002633-f0449f4b3304/go.mod h1:i1ab22kRYDvqsPDMhLkKfgMa23lObrQ/UKMVAN+TQEI=
github.com/Hacking-and-Coffee/hackingandcoffee-content v0.0.0-20241105002824-fbdc1289d3f9 h1:wd3oCK1TKtFcV5dY0VKeRYWKKmAcMCqykTomaAPL9ag=
github.com/Hacking-and-Coffee/hackingandcoffee-content v0.0.0-20241105002824-fbdc1289d3f9/go.mod h1:i1ab22kRYDvqsPDMhLkKfgMa23lObrQ/UKMVAN+TQEI=
github.com/Hacking-and-Coffee/hackingandcoffee-theme v0.0.0-20241105000059-e9a60ed90396 h1:X2HlAaaaoSPNdQfDInL2Ex12S9YMQnYf1MnPS/iAU5U=
github.com/Hacking-and-Coffee/hackingandcoffee-theme v0.0.0-20241105000059-e9a60ed90396/go.mod h1:/2bA0ebNLptZqQ6lSTcWk6M5YEBsYj4nZj93iN0b8uM=
