github.com/Hacking-and-Coffee/hackingandcoffee-content v0.0.0-20241105000950-29fe72dd7629 h1:LXUtXcINP4F05spHbiLYKBuadVnLdosWu5n8H7RaAGI=
github.com/Hacking-and-Coffee/hackingandcoffee-content v0.0.0-20241105000950-29fe72dd7629/go.mod h1:i1ab22kRYDvqsPDMhLkKfgMa23lObrQ/UKMVAN+TQEI=
github.com/Hacking-and-Coffee/hackingandcoffee-content v0.0.0-20241105002633-f0449f4b3304 h1:oAV4WByL8UXZ3n/IIYZ2Zv7rIdRu/8XUTG8NytHB5vg=
github.com/Hacking-and-Coffee/hackingandcoffee-content v0.0.0-20241105002633-f0449f4b3304/go.mod h1:i1ab22kRYDvqsPDMhLkKfgMa23lObrQ/UKMVAN+TQEI=
github.com/Hacking-and-Coffee/hackingandcoffee-content v0.0.0-20241105002824-fbdc1289d3f9 h1:wd3oCK1TKtFcV5dY0VKeRYWKKmAcMCqykTomaAPL9ag=
github.com/Hacking-and-Coffee/hackingandcoffee-content v0.0.0-20241105002824-fbdc1289d3f9/go.mod h1:i1ab22kRYDvqsPDMhLkKfgMa23lObrQ/UKMVAN+TQEI=
github.com/Hacking-and-Coffee/hackingandcoffee-content v0.0.0-20241105004229-d9351554a3c5 h1:m/+yNKNVdyl8Znjme8kOx9ViTWAFgf+9JniWoOuOIT8=
github.com/Hacking-and-Coffee/hackingandcoffee-content v0.0.0-20241105004229-d9351554a3c5/go.mod h1:i1ab22kRYDvqsPDMhLkKfgMa23lObrQ/UKMVAN+TQEI=
github.com/Hacking-and-Coffee/hackingandcoffee-content v0.0.0-20241105004356-62038bc7e680 h1:dlpL6Ogz8b8TI3C34zpXQcWaWCY9xn+M2elKbaZOzfs=
github.com/Hacking-and-Coffee/hackingandcoffee-content v0.0.0-20241105004356-62038bc7e680/go.mod h1:i1ab22kRYDvqsPDMhLkKfgMa23lObrQ/UKMVAN+TQEI=
github.com/Hacking-and-Coffee/hackingandcoffee-content v0.0.0-20241105004951-7fb47a3a93de h1:E/Zx1LTnJlclw+E4HeegmzHUcfzVAnyaujNydEHSlWc=
github.com/Hacking-and-Coffee/hackingandcoffee-content v0.0.0-20241105004951-7fb47a3a93de/go.mod h1:i1ab22kRYDvqsPDMhLkKfgMa23lObrQ/UKMVAN+TQEI=
github.com/Hacking-and-Coffee/hackingandcoffee-content v0.0.0-20241105005045-47d6d1eda744 h1:3rt6CztYg6nPDGID//ypXz5+kWygefelS3lxjVTPPqo=
github.com/Hacking-and-Coffee/hackingandcoffee-content v0.0.0-20241105005045-47d6d1eda744/go.mod h1:i1ab22kRYDvqsPDMhLkKfgMa23lObrQ/UKMVAN+TQEI=
github.com/Hacking-and-Coffee/hackingandcoffee-content v0.0.0-20241105005156-52d78c954e9a h1:hGf9j18hiF9egaLGZ5jz3WDKGBCjMbtfufEL4nNsXdE=
github.com/Hacking-and-Coffee/hackingandcoffee-content v0.0.0-20241105005156-52d78c954e9a/go.mod h1:i1ab22kRYDvqsPDMhLkKfgMa23lObrQ/UKMVAN+TQEI=
github.com/Hacking-and-Coffee/hackingandcoffee-content v0.0.0-20241105005236-4c3022399d29 h1:msWaR4tarG7aQuRSpda0gvqVjLwIe4b54InoegBdhf0=
github.com/Hacking-and-Coffee/hackingandcoffee-content v0.0.0-20241105005236-4c3022399d29/go.mod h1:i1ab22kRYDvqsPDMhLkKfgMa23lObrQ/UKMVAN+TQEI=
github.com/Hacking-and-Coffee/hackingandcoffee-content v0.0.0-20241105015313-6fa54ecf0fb8 h1:t4UUBjpGF4My1pRLjAAdBlrprtA8BNu/bWrDaAf44PY=
github.com/Hacking-and-Coffee/hackingandcoffee-content v0.0.0-20241105015313-6fa54ecf0fb8/go.mod h1:i1ab22kRYDvqsPDMhLkKfgMa23lObrQ/UKMVAN+TQEI=
github.com/Hacking-and-Coffee/hackingandcoffee-content v0.0.0-20241122200219-dfb0883aa4df h1:n1IbamHSdzpDprHnnbq4yuq6Np2w39KnLzK4/drq0G4=
github.com/Hacking-and-Coffee/hackingandcoffee-content v0.0.0-20241122200219-dfb0883aa4df/go.mod h1:i1ab22kRYDvqsPDMhLkKfgMa23lObrQ/UKMVAN+TQEI=
github.com/Hacking-and-Coffee/hackingandcoffee-content v0.0.0-20241122203525-686073a5ffb8 h1:tSQuxn3X+cjJmGRqR2MkU2axwrpEz3ShafMz629pfQQ=
github.com/Hacking-and-Coffee/hackingandcoffee-content v0.0.0-20241122203525-686073a5ffb8/go.mod h1:i1ab22kRYDvqsPDMhLkKfgMa23lObrQ/UKMVAN+TQEI=
github.com/Hacking-and-Coffee/hackingandcoffee-content v0.0.0-20241122204909-c893a5d81834 h1:we/QVg2nCm6J09nR7tMyLYavNsTLP4co7fru8NqnRbQ=
github.com/Hacking-and-Coffee/hackingandcoffee-content v0.0.0-20241122204909-c893a5d81834/go.mod h1:i1ab22kRYDvqsPDMhLkKfgMa23lObrQ/UKMVAN+TQEI=
github.com/Hacking-and-Coffee/hackingandcoffee-content v0.0.0-20241122205650-643ce0ca38ca h1:GZBrZz142Gbh4uqf3b5yjYVLloBXcdi+geO9aODtbYU=
github.com/Hacking-and-Coffee/hackingandcoffee-content v0.0.0-20241122205650-643ce0ca38ca/go.mod h1:i1ab22kRYDvqsPDMhLkKfgMa23lObrQ/UKMVAN+TQEI=
github.com/Hacking-and-Coffee/hackingandcoffee-content v0.0.0-20241122211108-76ebf2223b2e h1:EKrHqdGR9dsgpD/8KJ+WnXNDC0Bhwv6kAPF67u4JnMg=
github.com/Hacking-and-Coffee/hackingandcoffee-content v0.0.0-20241122211108-76ebf2223b2e/go.mod h1:i1ab22kRYDvqsPDMhLkKfgMa23lObrQ/UKMVAN+TQEI=
github.com/Hacking-and-Coffee/hackingandcoffee-content v0.0.0-20241122211533-eff8da3d2683 h1:/SJDPP0nuCoAEuBlxZBaCk4R4dva8FyQtvFE0mHBhCs=
github.com/Hacking-and-Coffee/hackingandcoffee-content v0.0.0-20241122211533-eff8da3d2683/go.mod h1:i1ab22kRYDvqsPDMhLkKfgMa23lObrQ/UKMVAN+TQEI=
github.com/Hacking-and-Coffee/hackingandcoffee-content v0.0.0-20241122213239-e061b0dbb7f7 h1:dKh1dQGfHvinWq6XIQrXzD9sUxFMd0MjBhlHBs4CYzQ=
github.com/Hacking-and-Coffee/hackingandcoffee-content v0.0.0-20241122213239-e061b0dbb7f7/go.mod h1:i1ab22kRYDvqsPDMhLkKfgMa23lObrQ/UKMVAN+TQEI=
github.com/Hacking-and-Coffee/hackingandcoffee-theme v0.0.0-20241105000059-e9a60ed90396 h1:X2HlAaaaoSPNdQfDInL2Ex12S9YMQnYf1MnPS/iAU5U=
github.com/Hacking-and-Coffee/hackingandcoffee-theme v0.0.0-20241105000059-e9a60ed90396/go.mod h1:/2bA0ebNLptZqQ6lSTcWk6M5YEBsYj4nZj93iN0b8uM=
github.com/Hacking-and-Coffee/hackingandcoffee-theme v0.0.0-20241105004020-d8824bbd071a h1:fvc4bRaNAFALJ3nB3k3/NhPIzBEEIfOrZDXLONyEUrQ=
github.com/Hacking-and-Coffee/hackingandcoffee-theme v0.0.0-20241105004020-d8824bbd071a/go.mod h1:/2bA0ebNLptZqQ6lSTcWk6M5YEBsYj4nZj93iN0b8uM=
github.com/Hacking-and-Coffee/hackingandcoffee-theme v0.0.0-20241105004804-3c6572cd7b50 h1:ev1ZGOSS6S1eybAGZbNLb0OG3eknqBSYNgO11uQVGKM=
github.com/Hacking-and-Coffee/hackingandcoffee-theme v0.0.0-20241105004804-3c6572cd7b50/go.mod h1:/2bA0ebNLptZqQ6lSTcWk6M5YEBsYj4nZj93iN0b8uM=
github.com/Hacking-and-Coffee/hackingandcoffee-theme v0.0.0-20241105012946-f6a6ca473ab8 h1:V1eyfL2ett83c8fnky8sqEn2xbGrdLHmeZ5uq4K9lUE=
github.com/Hacking-and-Coffee/hackingandcoffee-theme v0.0.0-20241105012946-f6a6ca473ab8/go.mod h1:/2bA0ebNLptZqQ6lSTcWk6M5YEBsYj4nZj93iN0b8uM=
github.com/Hacking-and-Coffee/hackingandcoffee-theme v0.0.0-20241105020123-8eaf9866cf59 h1:bnOX1dczkyKN2rPqAzYu4gO6ErBgM4puzjeWVOW+aHo=
github.com/Hacking-and-Coffee/hackingandcoffee-theme v0.0.0-20241105020123-8eaf9866cf59/go.mod h1:/2bA0ebNLptZqQ6lSTcWk6M5YEBsYj4nZj93iN0b8uM=
github.com/Hacking-and-Coffee/hackingandcoffee-theme v0.0.0-20241122201552-4d1af12f90f6 h1:WIVejl1YXNMbMkv+UbCuLHMtwx45qDz6/9MK8RJhIW4=
github.com/Hacking-and-Coffee/hackingandcoffee-theme v0.0.0-20241122201552-4d1af12f90f6/go.mod h1:/2bA0ebNLptZqQ6lSTcWk6M5YEBsYj4nZj93iN0b8uM=
github.com/Hacking-and-Coffee/hackingandcoffee-theme v0.0.0-20241122205203-97a51a978518 h1:VKAam55oMik6Bl/GitbzX7FynkbJfA7vSYEG6jiHhsY=
github.com/Hacking-and-Coffee/hackingandcoffee-theme v0.0.0-20241122205203-97a51a978518/go.mod h1:/2bA0ebNLptZqQ6lSTcWk6M5YEBsYj4nZj93iN0b8uM=
github.com/Hacking-and-Coffee/hackingandcoffee-theme v0.0.0-20241122210007-a3476029729f h1:5vgNUwAosL/OiOnOz6CRdMzORzjt1sI81g/zDR36dqc=
github.com/Hacking-and-Coffee/hackingandcoffee-theme v0.0.0-20241122210007-a3476029729f/go.mod h1:/2bA0ebNLptZqQ6lSTcWk6M5YEBsYj4nZj93iN0b8uM=
github.com/Hacking-and-Coffee/hackingandcoffee-theme v0.0.0-20241122211608-252228592f60 h1:IvgoQCBqIjAUzz3bhFaDuiAw5AfMcIDNmLrSZIiYFps=
github.com/Hacking-and-Coffee/hackingandcoffee-theme v0.0.0-20241122211608-252228592f60/go.mod h1:/2bA0ebNLptZqQ6lSTcWk6M5YEBsYj4nZj93iN0b8uM=
