github.com/Hacking-and-Coffee/hackingandcoffee-content v0.0.0-20241105000950-29fe72dd7629 h1:LXUtXcINP4F05spHbiLYKBuadVnLdosWu5n8H7RaAGI=
github.com/Hacking-and-Coffee/hackingandcoffee-content v0.0.0-20241105000950-29fe72dd7629/go.mod h1:i1ab22kRYDvqsPDMhLkKfgMa23lObrQ/UKMVAN+TQEI=
github.com/Hacking-and-Coffee/hackingandcoffee-content v0.0.0-20241105002633-f0449f4b3304 h1:oAV4WByL8UXZ3n/IIYZ2Zv7rIdRu/8XUTG8NytHB5vg=
github.com/Hacking-and-Coffee/hackingandcoffee-content v0.0.0-20241105002633-f0449f4b3304/go.mod h1:i1ab22kRYDvqsPDMhLkKfgMa23lObrQ/UKMVAN+TQEI=
github.com/Hacking-and-Coffee/hackingandcoffee-content v0.0.0-20241105002824-fbdc1289d3f9 h1:wd3oCK1TKtFcV5dY0VKeRYWKKmAcMCqykTomaAPL9ag=
github.com/Hacking-and-Coffee/hackingandcoffee-content v0.0.0-20241105002824-fbdc1289d3f9/go.mod h1:i1ab22kRYDvqsPDMhLkKfgMa23lObrQ/UKMVAN+TQEI=
github.com/Hacking-and-Coffee/hackingandcoffee-content v0.0.0-20241105004229-d9351554a3c5 h1:m/+yNKNVdyl8Znjme8kOx9ViTWAFgf+9JniWoOuOIT8=
github.com/Hacking-and-Coffee/hackingandcoffee-content v0.0.0-20241105004229-d9351554a3c5/go.mod h1:i1ab22kRYDvqsPDMhLkKfgMa23lObrQ/UKMVAN+TQEI=
github.com/Hacking-and-Coffee/hackingandcoffee-content v0.0.0-20241105004356-62038bc7e680 h1:dlpL6Ogz8b8TI3C34zpXQcWaWCY9xn+M2elKbaZOzfs=
github.com/Hacking-and-Coffee/hackingandcoffee-content v0.0.0-20241105004356-62038bc7e680/go.mod h1:i1ab22kRYDvqsPDMhLkKfgMa23lObrQ/UKMVAN+TQEI=
github.com/Hacking-and-Coffee/hackingandcoffee-content v0.0.0-20241105004951-7fb47a3a93de h1:E/Zx1LTnJlclw+E4HeegmzHUcfzVAnyaujNydEHSlWc=
github.com/Hacking-and-Coffee/hackingandcoffee-content v0.0.0-20241105004951-7fb47a3a93de/go.mod h1:i1ab22kRYDvqsPDMhLkKfgMa23lObrQ/UKMVAN+TQEI=
github.com/Hacking-and-Coffee/hackingandcoffee-content v0.0.0-20241105005045-47d6d1eda744 h1:3rt6CztYg6nPDGID//ypXz5+kWygefelS3lxjVTPPqo=
github.com/Hacking-and-Coffee/hackingandcoffee-content v0.0.0-20241105005045-47d6d1eda744/go.mod h1:i1ab22kRYDvqsPDMhLkKfgMa23lObrQ/UKMVAN+TQEI=
github.com/Hacking-and-Coffee/hackingandcoffee-content v0.0.0-20241105005156-52d78c954e9a h1:hGf9j18hiF9egaLGZ5jz3WDKGBCjMbtfufEL4nNsXdE=
github.com/Hacking-and-Coffee/hackingandcoffee-content v0.0.0-20241105005156-52d78c954e9a/go.mod h1:i1ab22kRYDvqsPDMhLkKfgMa23lObrQ/UKMVAN+TQEI=
github.com/Hacking-and-Coffee/hackingandcoffee-content v0.0.0-20241105005236-4c3022399d29 h1:msWaR4tarG7aQuRSpda0gvqVjLwIe4b54InoegBdhf0=
github.com/Hacking-and-Coffee/hackingandcoffee-content v0.0.0-20241105005236-4c3022399d29/go.mod h1:i1ab22kRYDvqsPDMhLkKfgMa23lObrQ/UKMVAN+TQEI=
github.com/Hacking-and-Coffee/hackingandcoffee-theme v0.0.0-20241105000059-e9a60ed90396 h1:X2HlAaaaoSPNdQfDInL2Ex12S9YMQnYf1MnPS/iAU5U=
github.com/Hacking-and-Coffee/hackingandcoffee-theme v0.0.0-20241105000059-e9a60ed90396/go.mod h1:/2bA0ebNLptZqQ6lSTcWk6M5YEBsYj4nZj93iN0b8uM=
github.com/Hacking-and-Coffee/hackingandcoffee-theme v0.0.0-20241105004020-d8824bbd071a h1:fvc4bRaNAFALJ3nB3k3/NhPIzBEEIfOrZDXLONyEUrQ=
github.com/Hacking-and-Coffee/hackingandcoffee-theme v0.0.0-20241105004020-d8824bbd071a/go.mod h1:/2bA0ebNLptZqQ6lSTcWk6M5YEBsYj4nZj93iN0b8uM=
github.com/Hacking-and-Coffee/hackingandcoffee-theme v0.0.0-20241105004804-3c6572cd7b50 h1:ev1ZGOSS6S1eybAGZbNLb0OG3eknqBSYNgO11uQVGKM=
github.com/Hacking-and-Coffee/hackingandcoffee-theme v0.0.0-20241105004804-3c6572cd7b50/go.mod h1:/2bA0ebNLptZqQ6lSTcWk6M5YEBsYj4nZj93iN0b8uM=
